
Microsoft Visual Studio Solution File, Format Version 12.00
Project("{FAE04EC0-301F-11D3-BF4B-00C04F79EFBC}") = "TDE3_BACKEND", "TDE3_BACKEND.csproj", "{88F6E57B-7C40-495C-8A48-3B0E4862016F}"
EndProject
Global
	GlobalSection(SolutionConfigurationPlatforms) = preSolution
		Debug|Any CPU = Debug|Any CPU
		Release|Any CPU = Release|Any CPU
	EndGlobalSection
	GlobalSection(ProjectConfigurationPlatforms) = postSolution
		{88F6E57B-7C40-495C-8A48-3B0E4862016F}.Debug|Any CPU.ActiveCfg = Debug|Any CPU
		{88F6E57B-7C40-495C-8A48-3B0E4862016F}.Debug|Any CPU.Build.0 = Debug|Any CPU
		{88F6E57B-7C40-495C-8A48-3B0E4862016F}.Release|Any CPU.ActiveCfg = Release|Any CPU
		{88F6E57B-7C40-495C-8A48-3B0E4862016F}.Release|Any CPU.Build.0 = Release|Any CPU
	EndGlobalSection
EndGlobal
